
Microsoft Visual Studio Solution File, Format Version 12.00
# Visual Studio Version 16
VisualStudioVersion = 16.0.29009.5
MinimumVisualStudioVersion = 10.0.40219.1
Project("{6EC3EE1D-3C4E-46DD-8F32-0CC8E7565705}") = "LispInterpret", "LispInterpret\LispInterpret.fsproj", "{7A9A8797-AFA1-4005-B406-1E126C147BA2}"
EndProject
Project("{F2A71F9B-5D33-465A-A702-920D77279786}") = "LispInterpret.Tests", "LispInterpret.Tests\LispInterpret.Tests.fsproj", "{09518969-F1CD-4495-B630-830C9E70DE45}"
EndProject
Global
	GlobalSection(SolutionConfigurationPlatforms) = preSolution
		Debug|Any CPU = Debug|Any CPU
		Release|Any CPU = Release|Any CPU
	EndGlobalSection
	GlobalSection(ProjectConfigurationPlatforms) = postSolution
		{7A9A8797-AFA1-4005-B406-1E126C147BA2}.Debug|Any CPU.ActiveCfg = Debug|Any CPU
		{7A9A8797-AFA1-4005-B406-1E126C147BA2}.Debug|Any CPU.Build.0 = Debug|Any CPU
		{7A9A8797-AFA1-4005-B406-1E126C147BA2}.Release|Any CPU.ActiveCfg = Release|Any CPU
		{7A9A8797-AFA1-4005-B406-1E126C147BA2}.Release|Any CPU.Build.0 = Release|Any CPU
		{09518969-F1CD-4495-B630-830C9E70DE45}.Debug|Any CPU.ActiveCfg = Debug|Any CPU
		{09518969-F1CD-4495-B630-830C9E70DE45}.Debug|Any CPU.Build.0 = Debug|Any CPU
		{09518969-F1CD-4495-B630-830C9E70DE45}.Release|Any CPU.ActiveCfg = Release|Any CPU
		{09518969-F1CD-4495-B630-830C9E70DE45}.Release|Any CPU.Build.0 = Release|Any CPU
	EndGlobalSection
	GlobalSection(SolutionProperties) = preSolution
		HideSolutionNode = FALSE
	EndGlobalSection
	GlobalSection(ExtensibilityGlobals) = postSolution
		SolutionGuid = {E439E1E2-91C4-4DC7-8F0B-DA120EF95380}
	EndGlobalSection
EndGlobal
